
Microsoft Visual Studio Solution File, Format Version 12.00
# Visual Studio Version 17
VisualStudioVersion = 17.12.35527.113 d17.12
MinimumVisualStudioVersion = 10.0.40219.1
Project("{FAE04EC0-301F-11D3-BF4B-00C04F79EFBC}") = "SokeBot", "SokeBot.csproj", "{FC2D3180-F9BC-4AF1-87B4-B73648B80DEE}"
EndProject
Global
	GlobalSection(SolutionConfigurationPlatforms) = preSolution
		Debug|Any CPU = Debug|Any CPU
		Release|Any CPU = Release|Any CPU
	EndGlobalSection
	GlobalSection(ProjectConfigurationPlatforms) = postSolution
		{FC2D3180-F9BC-4AF1-87B4-B73648B80DEE}.Debug|Any CPU.ActiveCfg = Debug|Any CPU
		{FC2D3180-F9BC-4AF1-87B4-B73648B80DEE}.Debug|Any CPU.Build.0 = Debug|Any CPU
		{FC2D3180-F9BC-4AF1-87B4-B73648B80DEE}.Release|Any CPU.ActiveCfg = Release|Any CPU
		{FC2D3180-F9BC-4AF1-87B4-B73648B80DEE}.Release|Any CPU.Build.0 = Release|Any CPU
	EndGlobalSection
	GlobalSection(SolutionProperties) = preSolution
		HideSolutionNode = FALSE
	EndGlobalSection
EndGlobal
